
Microsoft Visual Studio Solution File, Format Version 12.00
# Visual Studio 15
VisualStudioVersion = 15.0.27428.2015
MinimumVisualStudioVersion = 10.0.40219.1
Project("{FAE04EC0-301F-11D3-BF4B-00C04F79EFBC}") = "BitlyTest", "BitlyTest\BitlyTest.csproj", "{DEAE9F2A-D7F4-44B7-A809-874173E84FE5}"
EndProject
Global
	GlobalSection(SolutionConfigurationPlatforms) = preSolution
		Debug|Any CPU = Debug|Any CPU
		Release|Any CPU = Release|Any CPU
	EndGlobalSection
	GlobalSection(ProjectConfigurationPlatforms) = postSolution
		{DEAE9F2A-D7F4-44B7-A809-874173E84FE5}.Debug|Any CPU.ActiveCfg = Debug|Any CPU
		{DEAE9F2A-D7F4-44B7-A809-874173E84FE5}.Debug|Any CPU.Build.0 = Debug|Any CPU
		{DEAE9F2A-D7F4-44B7-A809-874173E84FE5}.Release|Any CPU.ActiveCfg = Release|Any CPU
		{DEAE9F2A-D7F4-44B7-A809-874173E84FE5}.Release|Any CPU.Build.0 = Release|Any CPU
	EndGlobalSection
	GlobalSection(SolutionProperties) = preSolution
		HideSolutionNode = FALSE
	EndGlobalSection
	GlobalSection(ExtensibilityGlobals) = postSolution
		SolutionGuid = {94AC41B4-0A8D-453E-8A6D-228FBFB03E1B}
	EndGlobalSection
EndGlobal
